
Microsoft Visual Studio Solution File, Format Version 12.00
# Visual Studio Version 17
VisualStudioVersion = 17.14.37012.4 d17.14
MinimumVisualStudioVersion = 10.0.40219.1
Project("{FAE04EC0-301F-11D3-BF4B-00C04F79EFBC}") = "API", "API\API.csproj", "{D8ED7F78-F6E7-458B-A919-568DB07EA89B}"
EndProject
Project("{FAE04EC0-301F-11D3-BF4B-00C04F79EFBC}") = "Application", "Application\Application.csproj", "{C67C8CAF-E02F-4381-A2B5-DBC19180B171}"
EndProject
Global
	GlobalSection(SolutionConfigurationPlatforms) = preSolution
		Debug|Any CPU = Debug|Any CPU
		Release|Any CPU = Release|Any CPU
	EndGlobalSection
	GlobalSection(ProjectConfigurationPlatforms) = postSolution
		{D8ED7F78-F6E7-458B-A919-568DB07EA89B}.Debug|Any CPU.ActiveCfg = Debug|Any CPU
		{D8ED7F78-F6E7-458B-A919-568DB07EA89B}.Debug|Any CPU.Build.0 = Debug|Any CPU
		{D8ED7F78-F6E7-458B-A919-568DB07EA89B}.Release|Any CPU.ActiveCfg = Release|Any CPU
		{D8ED7F78-F6E7-458B-A919-568DB07EA89B}.Release|Any CPU.Build.0 = Release|Any CPU
		{C67C8CAF-E02F-4381-A2B5-DBC19180B171}.Debug|Any CPU.ActiveCfg = Debug|Any CPU
		{C67C8CAF-E02F-4381-A2B5-DBC19180B171}.Debug|Any CPU.Build.0 = Debug|Any CPU
		{C67C8CAF-E02F-4381-A2B5-DBC19180B171}.Release|Any CPU.ActiveCfg = Release|Any CPU
		{C67C8CAF-E02F-4381-A2B5-DBC19180B171}.Release|Any CPU.Build.0 = Release|Any CPU
	EndGlobalSection
	GlobalSection(SolutionProperties) = preSolution
		HideSolutionNode = FALSE
	EndGlobalSection
	GlobalSection(ExtensibilityGlobals) = postSolution
		SolutionGuid = {88386C66-25AC-4287-B746-7EE766B1D603}
	EndGlobalSection
EndGlobal
